
Microsoft Visual Studio Solution File, Format Version 12.00
# Visual Studio Version 16
VisualStudioVersion = 16.0.30621.155
MinimumVisualStudioVersion = 10.0.40219.1
Project("{9A19103F-16F7-4668-BE54-9A1E7A4F7556}") = "Hackathon", "Hackathon\Hackathon.csproj", "{D6B49800-1E19-45BD-B655-241AF3A40C8C}"
EndProject
Global
	GlobalSection(SolutionConfigurationPlatforms) = preSolution
		Debug|Any CPU = Debug|Any CPU
		Release|Any CPU = Release|Any CPU
	EndGlobalSection
	GlobalSection(ProjectConfigurationPlatforms) = postSolution
		{D6B49800-1E19-45BD-B655-241AF3A40C8C}.Debug|Any CPU.ActiveCfg = Debug|Any CPU
		{D6B49800-1E19-45BD-B655-241AF3A40C8C}.Debug|Any CPU.Build.0 = Debug|Any CPU
		{D6B49800-1E19-45BD-B655-241AF3A40C8C}.Release|Any CPU.ActiveCfg = Release|Any CPU
		{D6B49800-1E19-45BD-B655-241AF3A40C8C}.Release|Any CPU.Build.0 = Release|Any CPU
	EndGlobalSection
	GlobalSection(SolutionProperties) = preSolution
		HideSolutionNode = FALSE
	EndGlobalSection
	GlobalSection(ExtensibilityGlobals) = postSolution
		SolutionGuid = {08E50CED-0875-4954-956A-2123A1E6F64E}
	EndGlobalSection
EndGlobal
